// !$*UTF8*$!
{
	archiveVersion = 1;
	classes = {
	};
	objectVersion = 46;
	objects = {

/* Begin PBXBuildFile section */
		BAEC440877688D461F84C813 /* Pods_FireSwiffer.framework in Frameworks */ = {isa = PBXBuildFile; fileRef = 44CBAC1B4BA4761E1063B937 /* Pods_FireSwiffer.framework */; };
		F648EAE41D6CF47F00D2A13A /* AppDelegate.swift in Sources */ = {isa = PBXBuildFile; fileRef = F648EAE31D6CF47F00D2A13A /* AppDelegate.swift */; };
		F648EAE91D6CF47F00D2A13A /* Main.storyboard in Resources */ = {isa = PBXBuildFile; fileRef = F648EAE71D6CF47F00D2A13A /* Main.storyboard */; };
		F648EAEB1D6CF47F00D2A13A /* Assets.xcassets in Resources */ = {isa = PBXBuildFile; fileRef = F648EAEA1D6CF47F00D2A13A /* Assets.xcassets */; };
		F648EAEE1D6CF47F00D2A13A /* LaunchScreen.storyboard in Resources */ = {isa = PBXBuildFile; fileRef = F648EAEC1D6CF47F00D2A13A /* LaunchScreen.storyboard */; };
		F648EAF61D6CF52900D2A13A /* GoogleService-Info.plist in Resources */ = {isa = PBXBuildFile; fileRef = F648EAF51D6CF52900D2A13A /* GoogleService-Info.plist */; };
		F648EAF81D6CF95800D2A13A /* SweetsTableViewController.swift in Sources */ = {isa = PBXBuildFile; fileRef = F648EAF71D6CF95800D2A13A /* SweetsTableViewController.swift */; };
		F648EAFA1D6CFA1100D2A13A /* User.swift in Sources */ = {isa = PBXBuildFile; fileRef = F648EAF91D6CFA1100D2A13A /* User.swift */; };
		F648EAFC1D6CFB2B00D2A13A /* Sweet.swift in Sources */ = {isa = PBXBuildFile; fileRef = F648EAFB1D6CFB2B00D2A13A /* Sweet.swift */; };
/* End PBXBuildFile section */

/* Begin PBXFileReference section */
		067BE272EFD84A1B81F17CF7 /* Pods-FireSwiffer.release.xcconfig */ = {isa = PBXFileReference; includeInIndex = 1; lastKnownFileType = text.xcconfig; name = "Pods-FireSwiffer.release.xcconfig"; path = "Pods/Target Support Files/Pods-FireSwiffer/Pods-FireSwiffer.release.xcconfig"; sourceTree = "<group>"; };
		44CBAC1B4BA4761E1063B937 /* Pods_FireSwiffer.framework */ = {isa = PBXFileReference; explicitFileType = wrapper.framework; includeInIndex = 0; path = Pods_FireSwiffer.framework; sourceTree = BUILT_PRODUCTS_DIR; };
		F648EAE01D6CF47F00D2A13A /* FireSwiffer.app */ = {isa = PBXFileReference; explicitFileType = wrapper.application; includeInIndex = 0; path = FireSwiffer.app; sourceTree = BUILT_PRODUCTS_DIR; };
		F648EAE31D6CF47F00D2A13A /* AppDelegate.swift */ = {isa = PBXFileReference; lastKnownFileType = sourcecode.swift; path = AppDelegate.swift; sourceTree = "<group>"; };
		F648EAE81D6CF47F00D2A13A /* Base */ = {isa = PBXFileReference; lastKnownFileType = file.storyboard; name = Base; path = Base.lproj/Main.storyboard; sourceTree = "<group>"; };
		F648EAEA1D6CF47F00D2A13A /* Assets.xcassets */ = {isa = PBXFileReference; lastKnownFileType = folder.assetcatalog; path = Assets.xcassets; sourceTree = "<group>"; };
		F648EAED1D6CF47F00D2A13A /* Base */ = {isa = PBXFileReference; lastKnownFileType = file.storyboard; name = Base; path = Base.lproj/LaunchScreen.storyboard; sourceTree = "<group>"; };
		F648EAEF1D6CF47F00D2A13A /* Info.plist */ = {isa = PBXFileReference; lastKnownFileType = text.plist.xml; path = Info.plist; sourceTree = "<group>"; };
		F648EAF51D6CF52900D2A13A /* GoogleService-Info.plist */ = {isa = PBXFileReference; fileEncoding = 4; lastKnownFileType = text.plist.xml; path = "GoogleService-Info.plist"; sourceTree = "<group>"; };
		F648EAF71D6CF95800D2A13A /* SweetsTableViewController.swift */ = {isa = PBXFileReference; fileEncoding = 4; lastKnownFileType = sourcecode.swift; path = SweetsTableViewController.swift; sourceTree = "<group>"; };
		F648EAF91D6CFA1100D2A13A /* User.swift */ = {isa = PBXFileReference; fileEncoding = 4; lastKnownFileType = sourcecode.swift; path = User.swift; sourceTree = "<group>"; };
		F648EAFB1D6CFB2B00D2A13A /* Sweet.swift */ = {isa = PBXFileReference; fileEncoding = 4; lastKnownFileType = sourcecode.swift; path = Sweet.swift; sourceTree = "<group>"; };
		FB9A67460CAA33EBFD5BC4AF /* Pods-FireSwiffer.debug.xcconfig */ = {isa = PBXFileReference; includeInIndex = 1; lastKnownFileType = text.xcconfig; name = "Pods-FireSwiffer.debug.xcconfig"; path = "Pods/Target Support Files/Pods-FireSwiffer/Pods-FireSwiffer.debug.xcconfig"; sourceTree = "<group>"; };
/* End PBXFileReference section */

/* Begin PBXFrameworksBuildPhase section */
		F648EADD1D6CF47F00D2A13A /* Frameworks */ = {
			isa = PBXFrameworksBuildPhase;
			buildActionMask = 2147483647;
			files = (
				BAEC440877688D461F84C813 /* Pods_FireSwiffer.framework in Frameworks */,
			);
			runOnlyForDeploymentPostprocessing = 0;
		};
/* End PBXFrameworksBuildPhase section */

/* Begin PBXGroup section */
		42905BA7B8304258EC083504 /* Pods */ = {
			isa = PBXGroup;
			children = (
				FB9A67460CAA33EBFD5BC4AF /* Pods-FireSwiffer.debug.xcconfig */,
				067BE272EFD84A1B81F17CF7 /* Pods-FireSwiffer.release.xcconfig */,
			);
			name = Pods;
			sourceTree = "<group>";
		};
		BA3EFBF28A4D97B598CD0F77 /* Frameworks */ = {
			isa = PBXGroup;
			children = (
				44CBAC1B4BA4761E1063B937 /* Pods_FireSwiffer.framework */,
			);
			name = Frameworks;
			sourceTree = "<group>";
		};
		F648EAD71D6CF47F00D2A13A = {
			isa = PBXGroup;
			children = (
				F648EAE21D6CF47F00D2A13A /* FireSwiffer */,
				F648EAE11D6CF47F00D2A13A /* Products */,
				42905BA7B8304258EC083504 /* Pods */,
				BA3EFBF28A4D97B598CD0F77 /* Frameworks */,
			);
			sourceTree = "<group>";
		};
		F648EAE11D6CF47F00D2A13A /* Products */ = {
			isa = PBXGroup;
			children = (
				F648EAE01D6CF47F00D2A13A /* FireSwiffer.app */,
			);
			name = Products;
			sourceTree = "<group>";
		};
		F648EAE21D6CF47F00D2A13A /* FireSwiffer */ = {
			isa = PBXGroup;
			children = (
				F648EAE31D6CF47F00D2A13A /* AppDelegate.swift */,
				F648EAFD1D6CFD6C00D2A13A /* Model */,
				F648EAF71D6CF95800D2A13A /* SweetsTableViewController.swift */,
				F648EAE71D6CF47F00D2A13A /* Main.storyboard */,
				F648EAEA1D6CF47F00D2A13A /* Assets.xcassets */,
				F648EAEC1D6CF47F00D2A13A /* LaunchScreen.storyboard */,
				F648EAEF1D6CF47F00D2A13A /* Info.plist */,
				F648EAF51D6CF52900D2A13A /* GoogleService-Info.plist */,
			);
			path = FireSwiffer;
			sourceTree = "<group>";
		};
		F648EAFD1D6CFD6C00D2A13A /* Model */ = {
			isa = PBXGroup;
			children = (
				F648EAF91D6CFA1100D2A13A /* User.swift */,
				F648EAFB1D6CFB2B00D2A13A /* Sweet.swift */,
			);
			name = Model;
			sourceTree = "<group>";
		};
/* End PBXGroup section */

/* Begin PBXNativeTarget section */
		F648EADF1D6CF47F00D2A13A /* FireSwiffer */ = {
			isa = PBXNativeTarget;
			buildConfigurationList = F648EAF21D6CF47F00D2A13A /* Build configuration list for PBXNativeTarget "FireSwiffer" */;
			buildPhases = (
				16D37652CD18F6097FAE2FE1 /* [CP] Check Pods Manifest.lock */,
				F648EADC1D6CF47F00D2A13A /* Sources */,
				F648EADD1D6CF47F00D2A13A /* Frameworks */,
				F648EADE1D6CF47F00D2A13A /* Resources */,
				E7C27008CAED02EDFC7438EE /* [CP] Embed Pods Frameworks */,
				7C1BBE827A1656A499382762 /* [CP] Copy Pods Resources */,
			);
			buildRules = (
			);
			dependencies = (
			);
			name = FireSwiffer;
			productName = FireSwiffer;
			productReference = F648EAE01D6CF47F00D2A13A /* FireSwiffer.app */;
			productType = "com.apple.product-type.application";
		};
/* End PBXNativeTarget section */

/* Begin PBXProject section */
		F648EAD81D6CF47F00D2A13A /* Project object */ = {
			isa = PBXProject;
			attributes = {
				LastSwiftUpdateCheck = 0730;
				LastUpgradeCheck = 0730;
				ORGANIZATIONNAME = "Justin Lazarski";
				TargetAttributes = {
					F648EADF1D6CF47F00D2A13A = {
						CreatedOnToolsVersion = 7.3.1;
					};
				};
			};
			buildConfigurationList = F648EADB1D6CF47F00D2A13A /* Build configuration list for PBXProject "FireSwiffer" */;
			compatibilityVersion = "Xcode 3.2";
			developmentRegion = English;
			hasScannedForEncodings = 0;
			knownRegions = (
				en,
				Base,
			);
			mainGroup = F648EAD71D6CF47F00D2A13A;
			productRefGroup = F648EAE11D6CF47F00D2A13A /* Products */;
			projectDirPath = "";
			projectRoot = "";
			targets = (
				F648EADF1D6CF47F00D2A13A /* FireSwiffer */,
			);
		};
/* End PBXProject section */

/* Begin PBXResourcesBuildPhase section */
		F648EADE1D6CF47F00D2A13A /* Resources */ = {
			isa = PBXResourcesBuildPhase;
			buildActionMask = 2147483647;
			files = (
				F648EAEE1D6CF47F00D2A13A /* LaunchScreen.storyboard in Resources */,
				F648EAF61D6CF52900D2A13A /* GoogleService-Info.plist in Resources */,
				F648EAEB1D6CF47F00D2A13A /* Assets.xcassets in Resources */,
				F648EAE91D6CF47F00D2A13A /* Main.storyboard in Resources */,
			);
			runOnlyForDeploymentPostprocessing = 0;
		};
/* End PBXResourcesBuildPhase section */

/* Begin PBXShellScriptBuildPhase section */
		16D37652CD18F6097FAE2FE1 /* [CP] Check Pods Manifest.lock */ = {
			isa = PBXShellScriptBuildPhase;
			buildActionMask = 2147483647;
			files = (
			);
			inputPaths = (
			);
			name = "[CP] Check Pods Manifest.lock";
			outputPaths = (
			);
			runOnlyForDeploymentPostprocessing = 0;
			shellPath = /bin/sh;
			shellScript = "diff \"${PODS_ROOT}/../Podfile.lock\" \"${PODS_ROOT}/Manifest.lock\" > /dev/null\nif [[ $? != 0 ]] ; then\n    cat << EOM\nerror: The sandbox is not in sync with the Podfile.lock. Run 'pod install' or update your CocoaPods installation.\nEOM\n    exit 1\nfi\n";
			showEnvVarsInLog = 0;
		};
		7C1BBE827A1656A499382762 /* [CP] Copy Pods Resources */ = {
			isa = PBXShellScriptBuildPhase;
			buildActionMask = 2147483647;
			files = (
			);
			inputPaths = (
			);
			name = "[CP] Copy Pods Resources";
			outputPaths = (
			);
			runOnlyForDeploymentPostprocessing = 0;
			shellPath = /bin/sh;
			shellScript = "\"${SRCROOT}/Pods/Target Support Files/Pods-FireSwiffer/Pods-FireSwiffer-resources.sh\"\n";
			showEnvVarsInLog = 0;
		};
		E7C27008CAED02EDFC7438EE /* [CP] Embed Pods Frameworks */ = {
			isa = PBXShellScriptBuildPhase;
			buildActionMask = 2147483647;
			files = (
			);
			inputPaths = (
			);
			name = "[CP] Embed Pods Frameworks";
			outputPaths = (
			);
			runOnlyForDeploymentPostprocessing = 0;
			shellPath = /bin/sh;
			shellScript = "\"${SRCROOT}/Pods/Target Support Files/Pods-FireSwiffer/Pods-FireSwiffer-frameworks.sh\"\n";
			showEnvVarsInLog = 0;
		};
/* End PBXShellScriptBuildPhase section */

/* Begin PBXSourcesBuildPhase section */
		F648EADC1D6CF47F00D2A13A /* Sources */ = {
			isa = PBXSourcesBuildPhase;
			buildActionMask = 2147483647;
			files = (
				F648EAF81D6CF95800D2A13A /* SweetsTableViewController.swift in Sources */,
				F648EAE41D6CF47F00D2A13A /* AppDelegate.swift in Sources */,
				F648EAFC1D6CFB2B00D2A13A /* Sweet.swift in Sources */,
				F648EAFA1D6CFA1100D2A13A /* User.swift in Sources */,
			);
			runOnlyForDeploymentPostprocessing = 0;
		};
/* End PBXSourcesBuildPhase section */

/* Begin PBXVariantGroup section */
		F648EAE71D6CF47F00D2A13A /* Main.storyboard */ = {
			isa = PBXVariantGroup;
			children = (
				F648EAE81D6CF47F00D2A13A /* Base */,
			);
			name = Main.storyboard;
			sourceTree = "<group>";
		};
		F648EAEC1D6CF47F00D2A13A /* LaunchScreen.storyboard */ = {
			isa = PBXVariantGroup;
			children = (
				F648EAED1D6CF47F00D2A13A /* Base */,
			);
			name = LaunchScreen.storyboard;
			sourceTree = "<group>";
		};
/* End PBXVariantGroup section */

/* Begin XCBuildConfiguration section */
		F648EAF01D6CF47F00D2A13A /* Debug */ = {
			isa = XCBuildConfiguration;
			buildSettings = {
				ALWAYS_SEARCH_USER_PATHS = NO;
				CLANG_ANALYZER_NONNULL = YES;
				CLANG_CXX_LANGUAGE_STANDARD = "gnu++0x";
				CLANG_CXX_LIBRARY = "libc++";
				CLANG_ENABLE_MODULES = YES;
				CLANG_ENABLE_OBJC_ARC = YES;
				CLANG_WARN_BOOL_CONVERSION = YES;
				CLANG_WARN_CONSTANT_CONVERSION = YES;
				CLANG_WARN_DIRECT_OBJC_ISA_USAGE = YES_ERROR;
				CLANG_WARN_EMPTY_BODY = YES;
				CLANG_WARN_ENUM_CONVERSION = YES;
				CLANG_WARN_INT_CONVERSION = YES;
				CLANG_WARN_OBJC_ROOT_CLASS = YES_ERROR;
				CLANG_WARN_UNREACHABLE_CODE = YES;
				CLANG_WARN__DUPLICATE_METHOD_MATCH = YES;
				"CODE_SIGN_IDENTITY[sdk=iphoneos*]" = "iPhone Developer";
				COPY_PHASE_STRIP = NO;
				DEBUG_INFORMATION_FORMAT = dwarf;
				ENABLE_STRICT_OBJC_MSGSEND = YES;
				ENABLE_TESTABILITY = YES;
				GCC_C_LANGUAGE_STANDARD = gnu99;
				GCC_DYNAMIC_NO_PIC = NO;
				GCC_NO_COMMON_BLOCKS = YES;
				GCC_OPTIMIZATION_LEVEL = 0;
				GCC_PREPROCESSOR_DEFINITIONS = (
					"DEBUG=1",
					"$(inherited)",
				);
				GCC_WARN_64_TO_32_BIT_CONVERSION = YES;
				GCC_WARN_ABOUT_RETURN_TYPE = YES_ERROR;
				GCC_WARN_UNDECLARED_SELECTOR = YES;
				GCC_WARN_UNINITIALIZED_AUTOS = YES_AGGRESSIVE;
				GCC_WARN_UNUSED_FUNCTION = YES;
				GCC_WARN_UNUSED_VARIABLE = YES;
				IPHONEOS_DEPLOYMENT_TARGET = 9.3;
				MTL_ENABLE_DEBUG_INFO = YES;
				ONLY_ACTIVE_ARCH = YES;
				SDKROOT = iphoneos;
				SWIFT_OPTIMIZATION_LEVEL = "-Onone";
				TARGETED_DEVICE_FAMILY = "1,2";
			};
			name = Debug;
		};
		F648EAF11D6CF47F00D2A13A /* Release */ = {
			isa = XCBuildConfiguration;
			buildSettings = {
				ALWAYS_SEARCH_USER_PATHS = NO;
				CLANG_ANALYZER_NONNULL = YES;
				CLANG_CXX_LANGUAGE_STANDARD = "gnu++0x";
				CLANG_CXX_LIBRARY = "libc++";
				CLANG_ENABLE_MODULES = YES;
				CLANG_ENABLE_OBJC_ARC = YES;
				CLANG_WARN_BOOL_CONVERSION = YES;
				CLANG_WARN_CONSTANT_CONVERSION = YES;
				CLANG_WARN_DIRECT_OBJC_ISA_USAGE = YES_ERROR;
				CLANG_WARN_EMPTY_BODY = YES;
				CLANG_WARN_ENUM_CONVERSION = YES;
				CLANG_WARN_INT_CONVERSION = YES;
				CLANG_WARN_OBJC_ROOT_CLASS = YES_ERROR;
				CLANG_WARN_UNREACHABLE_CODE = YES;
				CLANG_WARN__DUPLICATE_METHOD_MATCH = YES;
				"CODE_SIGN_IDENTITY[sdk=iphoneos*]" = "iPhone Developer";
				COPY_PHASE_STRIP = NO;
				DEBUG_INFORMATION_FORMAT = "dwarf-with-dsym";
				ENABLE_NS_ASSERTIONS = NO;
				ENABLE_STRICT_OBJC_MSGSEND = YES;
				GCC_C_LANGUAGE_STANDARD = gnu99;
				GCC_NO_COMMON_BLOCKS = YES;
				GCC_WARN_64_TO_32_BIT_CONVERSION = YES;
				GCC_WARN_ABOUT_RETURN_TYPE = YES_ERROR;
				GCC_WARN_UNDECLARED_SELECTOR = YES;
				GCC_WARN_UNINITIALIZED_AUTOS = YES_AGGRESSIVE;
				GCC_WARN_UNUSED_FUNCTION = YES;
				GCC_WARN_UNUSED_VARIABLE = YES;
				IPHONEOS_DEPLOYMENT_TARGET = 9.3;
				MTL_ENABLE_DEBUG_INFO = NO;
				SDKROOT = iphoneos;
				TARGETED_DEVICE_FAMILY = "1,2";
				VALIDATE_PRODUCT = YES;
			};
			name = Release;
		};
		F648EAF31D6CF47F00D2A13A /* Debug */ = {
			isa = XCBuildConfiguration;
			baseConfigurationReference = FB9A67460CAA33EBFD5BC4AF /* Pods-FireSwiffer.debug.xcconfig */;
			buildSettings = {
				ASSETCATALOG_COMPILER_APPICON_NAME = AppIcon;
				INFOPLIST_FILE = FireSwiffer/Info.plist;
				LD_RUNPATH_SEARCH_PATHS = "$(inherited) @executable_path/Frameworks";
				PRODUCT_BUNDLE_IDENTIFIER = JL.FireSwiffer;
				PRODUCT_NAME = "$(TARGET_NAME)";
			};
			name = Debug;
		};
		F648EAF41D6CF47F00D2A13A /* Release */ = {
			isa = XCBuildConfiguration;
			baseConfigurationReference = 067BE272EFD84A1B81F17CF7 /* Pods-FireSwiffer.release.xcconfig */;
			buildSettings = {
				ASSETCATALOG_COMPILER_APPICON_NAME = AppIcon;
				INFOPLIST_FILE = FireSwiffer/Info.plist;
				LD_RUNPATH_SEARCH_PATHS = "$(inherited) @executable_path/Frameworks";
				PRODUCT_BUNDLE_IDENTIFIER = JL.FireSwiffer;
				PRODUCT_NAME = "$(TARGET_NAME)";
			};
			name = Release;
		};
/* End XCBuildConfiguration section */

/* Begin XCConfigurationList section */
		F648EADB1D6CF47F00D2A13A /* Build configuration list for PBXProject "FireSwiffer" */ = {
			isa = XCConfigurationList;
			buildConfigurations = (
				F648EAF01D6CF47F00D2A13A /* Debug */,
				F648EAF11D6CF47F00D2A13A /* Release */,
			);
			defaultConfigurationIsVisible = 0;
			defaultConfigurationName = Release;
		};
		F648EAF21D6CF47F00D2A13A /* Build configuration list for PBXNativeTarget "FireSwiffer" */ = {
			isa = XCConfigurationList;
			buildConfigurations = (
				F648EAF31D6CF47F00D2A13A /* Debug */,
				F648EAF41D6CF47F00D2A13A /* Release */,
			);
			defaultConfigurationIsVisible = 0;
			defaultConfigurationName = Release;
		};
/* End XCConfigurationList section */
	};
	rootObject = F648EAD81D6CF47F00D2A13A /* Project object */;
}
